{
    "_readme": [
        "This file locks the dependencies of your project to a known state",
        "Read more about it at https://getcomposer.org/doc/01-basic-usage.md#composer-lock-the-lock-file",
        "This file is @generated automatically"
    ],
    "content-hash": "1cbb509bc58e72bda4a4f17bb1260cfb",
    "packages": [
        {
            "name": "linecorp/line-bot-sdk",
            "version": "2.3.0",
            "source": {
                "type": "git",
                "url": "https://github.com/line/line-bot-sdk-php.git",
                "reference": "38528aaa3a1abc2809974ab65cdcb7579f9eb927"
            },
            "dist": {
                "type": "zip",
                "url": "https://api.github.com/repos/line/line-bot-sdk-php/zipball/38528aaa3a1abc2809974ab65cdcb7579f9eb927",
                "reference": "38528aaa3a1abc2809974ab65cdcb7579f9eb927",
                "shasum": ""
            },
            "require": {
                "php": ">=5.4"
            },
            "require-dev": {
                "apigen/apigen": "~4.1",
                "indigophp/hash-compat": "~1.1.0",
                "phpmd/phpmd": "~2.4",
                "phpunit/phpunit": "^4.8.24",
                "squizlabs/php_codesniffer": "~2.6"
            },
            "type": "library",
            "autoload": {
                "psr-4": {
                    "LINE\\": "src/"
                }
            },
            "notification-url": "https://packagist.org/downloads/",
            "license": [
                "Apache License Version 2.0"
            ],
            "authors": [
                {
                    "name": "moznion",
                    "email": "moznion@gmail.com"
                },
                {
                    "name": "Satoru Yoshihara",
                    "email": "vaduz0@gmail.com"
                }
            ],
            "description": "SDK of the LINE BOT API for PHP",
            "homepage": "https://github.com/line/line-bot-sdk-php",
            "keywords": [
                "bot",
                "line",
                "sdk"
            ],
            "time": "2017-09-20T10:22:04+00:00"
        }
    ],
    "packages-dev": [],
    "aliases": [],
    "minimum-stability": "stable",
    "stability-flags": [],
    "prefer-stable": false,
    "prefer-lowest": false,
    "platform": [],
    "platform-dev": []
}
